
Microsoft Visual Studio Solution File, Format Version 12.00
# Visual Studio Version 17
VisualStudioVersion = 17.1.32328.378
MinimumVisualStudioVersion = 10.0.40219.1
Project("{9A19103F-16F7-4668-BE54-9A1E7A4F7556}") = "Integracao", "Integracao\Integracao.csproj", "{67426C47-24CD-411D-A286-46FD36181E01}"
EndProject
Project("{9A19103F-16F7-4668-BE54-9A1E7A4F7556}") = "Integracao.Application", "Integracao.Application\Integracao.Application.csproj", "{B1B2C448-69E3-43F1-8CB4-703A2091434C}"
EndProject
Project("{9A19103F-16F7-4668-BE54-9A1E7A4F7556}") = "Integracao.Domain", "Integracao.Domain\Integracao.Domain.csproj", "{B86A51E5-0627-41D6-A706-A04CA1B93561}"
EndProject
Project("{9A19103F-16F7-4668-BE54-9A1E7A4F7556}") = "Integracao.Infra", "Integracao.Infra\Integracao.Infra.csproj", "{11254258-8BD8-479B-BD86-ED3118494FCD}"
EndProject
Project("{2150E333-8FDC-42A3-9474-1A3956D46DE8}") = "Libs", "Libs", "{BD5B88D5-C2A9-4124-947A-7F098B73870F}"
EndProject
Project("{9A19103F-16F7-4668-BE54-9A1E7A4F7556}") = "Integracao.IOC", "Integracao.IOC\Integracao.IOC.csproj", "{092C5CC3-06C4-4DDB-9205-EEB628B8AA64}"
EndProject
Project("{9A19103F-16F7-4668-BE54-9A1E7A4F7556}") = "Integracao.Core", "Integracao.Core\Integracao.Core.csproj", "{0E148620-FF91-4F69-9BE7-EF01983EDC5A}"
EndProject
Project("{FAE04EC0-301F-11D3-BF4B-00C04F79EFBC}") = "Integracao.Conversores", "Integracao.Conversores\Integracao.Conversores.csproj", "{19BC2738-2234-4CF1-80E0-DAC85A705A7F}"
EndProject
Global
	GlobalSection(SolutionConfigurationPlatforms) = preSolution
		Debug|Any CPU = Debug|Any CPU
		Release|Any CPU = Release|Any CPU
	EndGlobalSection
	GlobalSection(ProjectConfigurationPlatforms) = postSolution
		{67426C47-24CD-411D-A286-46FD36181E01}.Debug|Any CPU.ActiveCfg = Debug|Any CPU
		{67426C47-24CD-411D-A286-46FD36181E01}.Debug|Any CPU.Build.0 = Debug|Any CPU
		{67426C47-24CD-411D-A286-46FD36181E01}.Release|Any CPU.ActiveCfg = Release|Any CPU
		{67426C47-24CD-411D-A286-46FD36181E01}.Release|Any CPU.Build.0 = Release|Any CPU
		{B1B2C448-69E3-43F1-8CB4-703A2091434C}.Debug|Any CPU.ActiveCfg = Debug|Any CPU
		{B1B2C448-69E3-43F1-8CB4-703A2091434C}.Debug|Any CPU.Build.0 = Debug|Any CPU
		{B1B2C448-69E3-43F1-8CB4-703A2091434C}.Release|Any CPU.ActiveCfg = Release|Any CPU
		{B1B2C448-69E3-43F1-8CB4-703A2091434C}.Release|Any CPU.Build.0 = Release|Any CPU
		{B86A51E5-0627-41D6-A706-A04CA1B93561}.Debug|Any CPU.ActiveCfg = Debug|Any CPU
		{B86A51E5-0627-41D6-A706-A04CA1B93561}.Debug|Any CPU.Build.0 = Debug|Any CPU
		{B86A51E5-0627-41D6-A706-A04CA1B93561}.Release|Any CPU.ActiveCfg = Release|Any CPU
		{B86A51E5-0627-41D6-A706-A04CA1B93561}.Release|Any CPU.Build.0 = Release|Any CPU
		{11254258-8BD8-479B-BD86-ED3118494FCD}.Debug|Any CPU.ActiveCfg = Debug|Any CPU
		{11254258-8BD8-479B-BD86-ED3118494FCD}.Debug|Any CPU.Build.0 = Debug|Any CPU
		{11254258-8BD8-479B-BD86-ED3118494FCD}.Release|Any CPU.ActiveCfg = Release|Any CPU
		{11254258-8BD8-479B-BD86-ED3118494FCD}.Release|Any CPU.Build.0 = Release|Any CPU
		{092C5CC3-06C4-4DDB-9205-EEB628B8AA64}.Debug|Any CPU.ActiveCfg = Debug|Any CPU
		{092C5CC3-06C4-4DDB-9205-EEB628B8AA64}.Debug|Any CPU.Build.0 = Debug|Any CPU
		{092C5CC3-06C4-4DDB-9205-EEB628B8AA64}.Release|Any CPU.ActiveCfg = Release|Any CPU
		{092C5CC3-06C4-4DDB-9205-EEB628B8AA64}.Release|Any CPU.Build.0 = Release|Any CPU
		{0E148620-FF91-4F69-9BE7-EF01983EDC5A}.Debug|Any CPU.ActiveCfg = Debug|Any CPU
		{0E148620-FF91-4F69-9BE7-EF01983EDC5A}.Debug|Any CPU.Build.0 = Debug|Any CPU
		{0E148620-FF91-4F69-9BE7-EF01983EDC5A}.Release|Any CPU.ActiveCfg = Release|Any CPU
		{0E148620-FF91-4F69-9BE7-EF01983EDC5A}.Release|Any CPU.Build.0 = Release|Any CPU
		{19BC2738-2234-4CF1-80E0-DAC85A705A7F}.Debug|Any CPU.ActiveCfg = Debug|Any CPU
		{19BC2738-2234-4CF1-80E0-DAC85A705A7F}.Debug|Any CPU.Build.0 = Debug|Any CPU
		{19BC2738-2234-4CF1-80E0-DAC85A705A7F}.Release|Any CPU.ActiveCfg = Release|Any CPU
		{19BC2738-2234-4CF1-80E0-DAC85A705A7F}.Release|Any CPU.Build.0 = Release|Any CPU
	EndGlobalSection
	GlobalSection(SolutionProperties) = preSolution
		HideSolutionNode = FALSE
	EndGlobalSection
	GlobalSection(NestedProjects) = preSolution
		{0E148620-FF91-4F69-9BE7-EF01983EDC5A} = {BD5B88D5-C2A9-4124-947A-7F098B73870F}
	EndGlobalSection
	GlobalSection(ExtensibilityGlobals) = postSolution
		SolutionGuid = {B383636B-D03B-4A00-A8F0-0C456F296CAE}
	EndGlobalSection
EndGlobal
